
Microsoft Visual Studio Solution File, Format Version 12.00
# Visual Studio Version 16
VisualStudioVersion = 16.0.31005.135
MinimumVisualStudioVersion = 10.0.40219.1
Project("{8BC9CEB8-8B4A-11D0-8D11-00A0C91BC942}") = "InstituteLabWorksC", "InstituteLabWorksC\InstituteLabWorksC.vcxproj", "{895EB491-20D1-4D84-9B99-7822D75DB782}"
EndProject
Project("{8BC9CEB8-8B4A-11D0-8D11-00A0C91BC942}") = "Lab2", "..\Lab2\Lab2\Lab2.vcxproj", "{B535AFD0-660C-4060-96DC-5D8D6BDFA677}"
EndProject
Project("{8BC9CEB8-8B4A-11D0-8D11-00A0C91BC942}") = "Lab3", "Lab3\Lab3.vcxproj", "{F4DCC5DE-AA35-4977-9974-5BA67BB39487}"
EndProject
Project("{8BC9CEB8-8B4A-11D0-8D11-00A0C91BC942}") = "Lab4", "Lab4\Lab4.vcxproj", "{A1C80307-B571-43B7-B929-3409CA1FFD1F}"
EndProject
Project("{8BC9CEB8-8B4A-11D0-8D11-00A0C91BC942}") = "Lab5", "Lab5\Lab5.vcxproj", "{2D672761-9178-42FB-8915-3058C9EF020C}"
EndProject
Project("{8BC9CEB8-8B4A-11D0-8D11-00A0C91BC942}") = "DinamicArrayExample", "DinamicArrayExample\DinamicArrayExample.vcxproj", "{C9E76534-BFF9-4759-97BD-7FB2C00E9550}"
EndProject
Project("{8BC9CEB8-8B4A-11D0-8D11-00A0C91BC942}") = "Lab6_BankProject", "Lab6_BankProject\Lab6_BankProject.vcxproj", "{3BB5D5A2-3C87-4E26-BDF8-9DE3D730987A}"
EndProject
Project("{8BC9CEB8-8B4A-11D0-8D11-00A0C91BC942}") = "Lab7_BankProjectFinish", "Lab7_BankProjectFinish\Lab7_BankProjectFinish.vcxproj", "{C1A76FE3-C05F-4023-9A29-D0B587CC339E}"
EndProject
Global
	GlobalSection(SolutionConfigurationPlatforms) = preSolution
		Debug|x64 = Debug|x64
		Debug|x86 = Debug|x86
		Release|x64 = Release|x64
		Release|x86 = Release|x86
	EndGlobalSection
	GlobalSection(ProjectConfigurationPlatforms) = postSolution
		{895EB491-20D1-4D84-9B99-7822D75DB782}.Debug|x64.ActiveCfg = Debug|x64
		{895EB491-20D1-4D84-9B99-7822D75DB782}.Debug|x64.Build.0 = Debug|x64
		{895EB491-20D1-4D84-9B99-7822D75DB782}.Debug|x86.ActiveCfg = Debug|Win32
		{895EB491-20D1-4D84-9B99-7822D75DB782}.Debug|x86.Build.0 = Debug|Win32
		{895EB491-20D1-4D84-9B99-7822D75DB782}.Release|x64.ActiveCfg = Release|x64
		{895EB491-20D1-4D84-9B99-7822D75DB782}.Release|x64.Build.0 = Release|x64
		{895EB491-20D1-4D84-9B99-7822D75DB782}.Release|x86.ActiveCfg = Release|Win32
		{895EB491-20D1-4D84-9B99-7822D75DB782}.Release|x86.Build.0 = Release|Win32
		{B535AFD0-660C-4060-96DC-5D8D6BDFA677}.Debug|x64.ActiveCfg = Debug|x64
		{B535AFD0-660C-4060-96DC-5D8D6BDFA677}.Debug|x64.Build.0 = Debug|x64
		{B535AFD0-660C-4060-96DC-5D8D6BDFA677}.Debug|x86.ActiveCfg = Debug|Win32
		{B535AFD0-660C-4060-96DC-5D8D6BDFA677}.Debug|x86.Build.0 = Debug|Win32
		{B535AFD0-660C-4060-96DC-5D8D6BDFA677}.Release|x64.ActiveCfg = Release|x64
		{B535AFD0-660C-4060-96DC-5D8D6BDFA677}.Release|x64.Build.0 = Release|x64
		{B535AFD0-660C-4060-96DC-5D8D6BDFA677}.Release|x86.ActiveCfg = Release|Win32
		{B535AFD0-660C-4060-96DC-5D8D6BDFA677}.Release|x86.Build.0 = Release|Win32
		{F4DCC5DE-AA35-4977-9974-5BA67BB39487}.Debug|x64.ActiveCfg = Debug|x64
		{F4DCC5DE-AA35-4977-9974-5BA67BB39487}.Debug|x64.Build.0 = Debug|x64
		{F4DCC5DE-AA35-4977-9974-5BA67BB39487}.Debug|x86.ActiveCfg = Debug|Win32
		{F4DCC5DE-AA35-4977-9974-5BA67BB39487}.Debug|x86.Build.0 = Debug|Win32
		{F4DCC5DE-AA35-4977-9974-5BA67BB39487}.Release|x64.ActiveCfg = Release|x64
		{F4DCC5DE-AA35-4977-9974-5BA67BB39487}.Release|x64.Build.0 = Release|x64
		{F4DCC5DE-AA35-4977-9974-5BA67BB39487}.Release|x86.ActiveCfg = Release|Win32
		{F4DCC5DE-AA35-4977-9974-5BA67BB39487}.Release|x86.Build.0 = Release|Win32
		{A1C80307-B571-43B7-B929-3409CA1FFD1F}.Debug|x64.ActiveCfg = Debug|x64
		{A1C80307-B571-43B7-B929-3409CA1FFD1F}.Debug|x64.Build.0 = Debug|x64
		{A1C80307-B571-43B7-B929-3409CA1FFD1F}.Debug|x86.ActiveCfg = Debug|Win32
		{A1C80307-B571-43B7-B929-3409CA1FFD1F}.Debug|x86.Build.0 = Debug|Win32
		{A1C80307-B571-43B7-B929-3409CA1FFD1F}.Release|x64.ActiveCfg = Release|x64
		{A1C80307-B571-43B7-B929-3409CA1FFD1F}.Release|x64.Build.0 = Release|x64
		{A1C80307-B571-43B7-B929-3409CA1FFD1F}.Release|x86.ActiveCfg = Release|Win32
		{A1C80307-B571-43B7-B929-3409CA1FFD1F}.Release|x86.Build.0 = Release|Win32
		{2D672761-9178-42FB-8915-3058C9EF020C}.Debug|x64.ActiveCfg = Debug|x64
		{2D672761-9178-42FB-8915-3058C9EF020C}.Debug|x64.Build.0 = Debug|x64
		{2D672761-9178-42FB-8915-3058C9EF020C}.Debug|x86.ActiveCfg = Debug|Win32
		{2D672761-9178-42FB-8915-3058C9EF020C}.Debug|x86.Build.0 = Debug|Win32
		{2D672761-9178-42FB-8915-3058C9EF020C}.Release|x64.ActiveCfg = Release|x64
		{2D672761-9178-42FB-8915-3058C9EF020C}.Release|x64.Build.0 = Release|x64
		{2D672761-9178-42FB-8915-3058C9EF020C}.Release|x86.ActiveCfg = Release|Win32
		{2D672761-9178-42FB-8915-3058C9EF020C}.Release|x86.Build.0 = Release|Win32
		{C9E76534-BFF9-4759-97BD-7FB2C00E9550}.Debug|x64.ActiveCfg = Debug|x64
		{C9E76534-BFF9-4759-97BD-7FB2C00E9550}.Debug|x64.Build.0 = Debug|x64
		{C9E76534-BFF9-4759-97BD-7FB2C00E9550}.Debug|x86.ActiveCfg = Debug|Win32
		{C9E76534-BFF9-4759-97BD-7FB2C00E9550}.Debug|x86.Build.0 = Debug|Win32
		{C9E76534-BFF9-4759-97BD-7FB2C00E9550}.Release|x64.ActiveCfg = Release|x64
		{C9E76534-BFF9-4759-97BD-7FB2C00E9550}.Release|x64.Build.0 = Release|x64
		{C9E76534-BFF9-4759-97BD-7FB2C00E9550}.Release|x86.ActiveCfg = Release|Win32
		{C9E76534-BFF9-4759-97BD-7FB2C00E9550}.Release|x86.Build.0 = Release|Win32
		{3BB5D5A2-3C87-4E26-BDF8-9DE3D730987A}.Debug|x64.ActiveCfg = Debug|x64
		{3BB5D5A2-3C87-4E26-BDF8-9DE3D730987A}.Debug|x64.Build.0 = Debug|x64
		{3BB5D5A2-3C87-4E26-BDF8-9DE3D730987A}.Debug|x86.ActiveCfg = Debug|Win32
		{3BB5D5A2-3C87-4E26-BDF8-9DE3D730987A}.Debug|x86.Build.0 = Debug|Win32
		{3BB5D5A2-3C87-4E26-BDF8-9DE3D730987A}.Release|x64.ActiveCfg = Release|x64
		{3BB5D5A2-3C87-4E26-BDF8-9DE3D730987A}.Release|x64.Build.0 = Release|x64
		{3BB5D5A2-3C87-4E26-BDF8-9DE3D730987A}.Release|x86.ActiveCfg = Release|Win32
		{3BB5D5A2-3C87-4E26-BDF8-9DE3D730987A}.Release|x86.Build.0 = Release|Win32
		{C1A76FE3-C05F-4023-9A29-D0B587CC339E}.Debug|x64.ActiveCfg = Debug|x64
		{C1A76FE3-C05F-4023-9A29-D0B587CC339E}.Debug|x64.Build.0 = Debug|x64
		{C1A76FE3-C05F-4023-9A29-D0B587CC339E}.Debug|x86.ActiveCfg = Debug|Win32
		{C1A76FE3-C05F-4023-9A29-D0B587CC339E}.Debug|x86.Build.0 = Debug|Win32
		{C1A76FE3-C05F-4023-9A29-D0B587CC339E}.Release|x64.ActiveCfg = Release|x64
		{C1A76FE3-C05F-4023-9A29-D0B587CC339E}.Release|x64.Build.0 = Release|x64
		{C1A76FE3-C05F-4023-9A29-D0B587CC339E}.Release|x86.ActiveCfg = Release|Win32
		{C1A76FE3-C05F-4023-9A29-D0B587CC339E}.Release|x86.Build.0 = Release|Win32
	EndGlobalSection
	GlobalSection(SolutionProperties) = preSolution
		HideSolutionNode = FALSE
	EndGlobalSection
	GlobalSection(ExtensibilityGlobals) = postSolution
		SolutionGuid = {A4D8036C-7220-422A-ABA8-A5F2DFA52066}
	EndGlobalSection
EndGlobal
